
Microsoft Visual Studio Solution File, Format Version 12.00
# Visual Studio Version 17
VisualStudioVersion = 17.3.32819.101
MinimumVisualStudioVersion = 10.0.40219.1
Project("{FAE04EC0-301F-11D3-BF4B-00C04F79EFBC}") = "I've Been Everywhere, Man", "I've Been Everywhere, Man.csproj", "{72F24BF8-D57F-4758-B764-E8DAE7A8C818}"
EndProject
Global
	GlobalSection(SolutionConfigurationPlatforms) = preSolution
		Debug|Any CPU = Debug|Any CPU
		Release|Any CPU = Release|Any CPU
	EndGlobalSection
	GlobalSection(ProjectConfigurationPlatforms) = postSolution
		{72F24BF8-D57F-4758-B764-E8DAE7A8C818}.Debug|Any CPU.ActiveCfg = Debug|Any CPU
		{72F24BF8-D57F-4758-B764-E8DAE7A8C818}.Debug|Any CPU.Build.0 = Debug|Any CPU
		{72F24BF8-D57F-4758-B764-E8DAE7A8C818}.Release|Any CPU.ActiveCfg = Release|Any CPU
		{72F24BF8-D57F-4758-B764-E8DAE7A8C818}.Release|Any CPU.Build.0 = Release|Any CPU
	EndGlobalSection
	GlobalSection(SolutionProperties) = preSolution
		HideSolutionNode = FALSE
	EndGlobalSection
	GlobalSection(ExtensibilityGlobals) = postSolution
		SolutionGuid = {6CADE0EA-E643-471B-8668-16A4279741F4}
	EndGlobalSection
EndGlobal
