
Microsoft Visual Studio Solution File, Format Version 12.00
# Visual Studio Version 17
VisualStudioVersion = 17.3.32819.101
MinimumVisualStudioVersion = 10.0.40219.1
Project("{FAE04EC0-301F-11D3-BF4B-00C04F79EFBC}") = "Greetings!", "Greetings!\Greetings!.csproj", "{FEDB0F82-95C4-49A3-BA8C-6E8EE47AFA73}"
EndProject
Global
	GlobalSection(SolutionConfigurationPlatforms) = preSolution
		Debug|Any CPU = Debug|Any CPU
		Release|Any CPU = Release|Any CPU
	EndGlobalSection
	GlobalSection(ProjectConfigurationPlatforms) = postSolution
		{FEDB0F82-95C4-49A3-BA8C-6E8EE47AFA73}.Debug|Any CPU.ActiveCfg = Debug|Any CPU
		{FEDB0F82-95C4-49A3-BA8C-6E8EE47AFA73}.Debug|Any CPU.Build.0 = Debug|Any CPU
		{FEDB0F82-95C4-49A3-BA8C-6E8EE47AFA73}.Release|Any CPU.ActiveCfg = Release|Any CPU
		{FEDB0F82-95C4-49A3-BA8C-6E8EE47AFA73}.Release|Any CPU.Build.0 = Release|Any CPU
	EndGlobalSection
	GlobalSection(SolutionProperties) = preSolution
		HideSolutionNode = FALSE
	EndGlobalSection
	GlobalSection(ExtensibilityGlobals) = postSolution
		SolutionGuid = {C81618A5-F9B1-4FF5-8DF0-B42DC45C1C21}
	EndGlobalSection
EndGlobal
