
Microsoft Visual Studio Solution File, Format Version 12.00
# Visual Studio Version 17
VisualStudioVersion = 17.3.32819.101
MinimumVisualStudioVersion = 10.0.40219.1
Project("{FAE04EC0-301F-11D3-BF4B-00C04F79EFBC}") = "jumbojavelin", "jumbojavelin\jumbojavelin.csproj", "{0533516C-808C-498D-87FF-7D2577872BD9}"
EndProject
Global
	GlobalSection(SolutionConfigurationPlatforms) = preSolution
		Debug|Any CPU = Debug|Any CPU
		Release|Any CPU = Release|Any CPU
	EndGlobalSection
	GlobalSection(ProjectConfigurationPlatforms) = postSolution
		{0533516C-808C-498D-87FF-7D2577872BD9}.Debug|Any CPU.ActiveCfg = Debug|Any CPU
		{0533516C-808C-498D-87FF-7D2577872BD9}.Debug|Any CPU.Build.0 = Debug|Any CPU
		{0533516C-808C-498D-87FF-7D2577872BD9}.Release|Any CPU.ActiveCfg = Release|Any CPU
		{0533516C-808C-498D-87FF-7D2577872BD9}.Release|Any CPU.Build.0 = Release|Any CPU
	EndGlobalSection
	GlobalSection(SolutionProperties) = preSolution
		HideSolutionNode = FALSE
	EndGlobalSection
	GlobalSection(ExtensibilityGlobals) = postSolution
		SolutionGuid = {6FE8B04C-DFB4-4968-9215-ACB0DE66DB3F}
	EndGlobalSection
EndGlobal
