
Microsoft Visual Studio Solution File, Format Version 12.00
# Visual Studio Version 17
VisualStudioVersion = 17.3.32819.101
MinimumVisualStudioVersion = 10.0.40219.1
Project("{FAE04EC0-301F-11D3-BF4B-00C04F79EFBC}") = "FYI", "FYI\FYI.csproj", "{0D9BE5D3-37F3-4388-8C9A-B8AB13C54DE9}"
EndProject
Global
	GlobalSection(SolutionConfigurationPlatforms) = preSolution
		Debug|Any CPU = Debug|Any CPU
		Release|Any CPU = Release|Any CPU
	EndGlobalSection
	GlobalSection(ProjectConfigurationPlatforms) = postSolution
		{0D9BE5D3-37F3-4388-8C9A-B8AB13C54DE9}.Debug|Any CPU.ActiveCfg = Debug|Any CPU
		{0D9BE5D3-37F3-4388-8C9A-B8AB13C54DE9}.Debug|Any CPU.Build.0 = Debug|Any CPU
		{0D9BE5D3-37F3-4388-8C9A-B8AB13C54DE9}.Release|Any CPU.ActiveCfg = Release|Any CPU
		{0D9BE5D3-37F3-4388-8C9A-B8AB13C54DE9}.Release|Any CPU.Build.0 = Release|Any CPU
	EndGlobalSection
	GlobalSection(SolutionProperties) = preSolution
		HideSolutionNode = FALSE
	EndGlobalSection
	GlobalSection(ExtensibilityGlobals) = postSolution
		SolutionGuid = {0EF4CFC3-ED47-4B70-99DB-036A00E3B0B3}
	EndGlobalSection
EndGlobal
