
Microsoft Visual Studio Solution File, Format Version 12.00
# Visual Studio Version 17
VisualStudioVersion = 17.3.32819.101
MinimumVisualStudioVersion = 10.0.40219.1
Project("{FAE04EC0-301F-11D3-BF4B-00C04F79EFBC}") = "Finding An A", "Finding An A.csproj", "{4E90E4DE-1004-46F3-B832-29610EF37F05}"
EndProject
Global
	GlobalSection(SolutionConfigurationPlatforms) = preSolution
		Debug|Any CPU = Debug|Any CPU
		Release|Any CPU = Release|Any CPU
	EndGlobalSection
	GlobalSection(ProjectConfigurationPlatforms) = postSolution
		{4E90E4DE-1004-46F3-B832-29610EF37F05}.Debug|Any CPU.ActiveCfg = Debug|Any CPU
		{4E90E4DE-1004-46F3-B832-29610EF37F05}.Debug|Any CPU.Build.0 = Debug|Any CPU
		{4E90E4DE-1004-46F3-B832-29610EF37F05}.Release|Any CPU.ActiveCfg = Release|Any CPU
		{4E90E4DE-1004-46F3-B832-29610EF37F05}.Release|Any CPU.Build.0 = Release|Any CPU
	EndGlobalSection
	GlobalSection(SolutionProperties) = preSolution
		HideSolutionNode = FALSE
	EndGlobalSection
	GlobalSection(ExtensibilityGlobals) = postSolution
		SolutionGuid = {341FC782-333C-498F-A433-70FB56BB0B25}
	EndGlobalSection
EndGlobal
