
Microsoft Visual Studio Solution File, Format Version 12.00
# Visual Studio Version 17
VisualStudioVersion = 17.3.32819.101
MinimumVisualStudioVersion = 10.0.40219.1
Project("{FAE04EC0-301F-11D3-BF4B-00C04F79EFBC}") = "Nasty Hacks", "Nasty Hacks\Nasty Hacks.csproj", "{FE155CC1-399A-4D0B-8F65-85215339781C}"
EndProject
Global
	GlobalSection(SolutionConfigurationPlatforms) = preSolution
		Debug|Any CPU = Debug|Any CPU
		Release|Any CPU = Release|Any CPU
	EndGlobalSection
	GlobalSection(ProjectConfigurationPlatforms) = postSolution
		{FE155CC1-399A-4D0B-8F65-85215339781C}.Debug|Any CPU.ActiveCfg = Debug|Any CPU
		{FE155CC1-399A-4D0B-8F65-85215339781C}.Debug|Any CPU.Build.0 = Debug|Any CPU
		{FE155CC1-399A-4D0B-8F65-85215339781C}.Release|Any CPU.ActiveCfg = Release|Any CPU
		{FE155CC1-399A-4D0B-8F65-85215339781C}.Release|Any CPU.Build.0 = Release|Any CPU
	EndGlobalSection
	GlobalSection(SolutionProperties) = preSolution
		HideSolutionNode = FALSE
	EndGlobalSection
	GlobalSection(ExtensibilityGlobals) = postSolution
		SolutionGuid = {2FB73CD0-407A-4A51-9199-3431C25F5DAD}
	EndGlobalSection
EndGlobal
